
Microsoft Visual Studio Solution File, Format Version 12.00
# Visual Studio Version 16
VisualStudioVersion = 16.0.31229.75
MinimumVisualStudioVersion = 10.0.40219.1
Project("{9A19103F-16F7-4668-BE54-9A1E7A4F7556}") = "PesquisarCaracteres", "PesquisarCaracteres\PesquisarCaracteres.csproj", "{96884CE0-3656-4276-A97D-8D3416B708AF}"
EndProject
Project("{9A19103F-16F7-4668-BE54-9A1E7A4F7556}") = "TrabalharComInteiros", "TrabalharComInteiros\TrabalharComInteiros.csproj", "{857C0516-A1C0-4BDE-ADD9-4682AF0E40AE}"
EndProject
Project("{9A19103F-16F7-4668-BE54-9A1E7A4F7556}") = "OrdemDePrecendencia", "OrdemDePrecendencia\OrdemDePrecendencia.csproj", "{5E8AEBC0-C412-43F8-94C4-D748EEAE0F68}"
EndProject
Project("{9A19103F-16F7-4668-BE54-9A1E7A4F7556}") = "LimitesInt", "LimitesInt\LimitesInt.csproj", "{178BBBE6-64A4-44A6-AA2A-9F72BA0A860E}"
EndProject
Project("{9A19103F-16F7-4668-BE54-9A1E7A4F7556}") = "EntradaNumerica", "ConsoleApp2\EntradaNumerica.csproj", "{DD2EFC88-1622-45D6-A54F-587EFF324DE6}"
EndProject
Project("{9A19103F-16F7-4668-BE54-9A1E7A4F7556}") = "Verificar", "ConsoleApp3\Verificar.csproj", "{97CFEC40-EAD9-44EB-9FEE-FA672BB3C60D}"
EndProject
Project("{9A19103F-16F7-4668-BE54-9A1E7A4F7556}") = "TrabalharComDoubles", "TrabalharComDoubles\TrabalharComDoubles.csproj", "{F0AEC923-FA68-4D25-883D-D8635877B6F3}"
EndProject
Project("{9A19103F-16F7-4668-BE54-9A1E7A4F7556}") = "TrabalharComDecimal", "TrabalharComDecimal\TrabalharComDecimal.csproj", "{4FE4118B-82EE-427F-92E2-A1E8746AB55F}"
EndProject
Project("{9A19103F-16F7-4668-BE54-9A1E7A4F7556}") = "Decidir", "Decidir\Decidir.csproj", "{D78CCA32-5FF6-42EE-BD57-26FF27052FA4}"
EndProject
Project("{9A19103F-16F7-4668-BE54-9A1E7A4F7556}") = "DecidirERepetir", "DecidirERepetir\DecidirERepetir.csproj", "{52F9C2E8-250F-489F-810D-28656B037F6C}"
EndProject
Project("{9A19103F-16F7-4668-BE54-9A1E7A4F7556}") = "LoopFor", "LoopFor\LoopFor.csproj", "{27173FCF-BE7D-44BF-A283-8D64299AA89C}"
EndProject
Project("{9A19103F-16F7-4668-BE54-9A1E7A4F7556}") = "ForAninhado", "ForAninhado\ForAninhado.csproj", "{428536C7-0791-4A3E-8863-32DA1B3A8BF1}"
EndProject
Project("{9A19103F-16F7-4668-BE54-9A1E7A4F7556}") = "ListTutorial", "ListTutorial\ListTutorial.csproj", "{390D7C02-90F9-4DCE-86FD-D8A3283B60B1}"
EndProject
Project("{9A19103F-16F7-4668-BE54-9A1E7A4F7556}") = "ModificarLista", "ModificarLista\ModificarLista.csproj", "{6B90FB76-BB01-4DD2-AAC2-FC4F45189855}"
EndProject
Project("{9A19103F-16F7-4668-BE54-9A1E7A4F7556}") = "MaisSobreList", "MaisSobreList\MaisSobreList.csproj", "{3FF5B487-F621-42DF-8F8F-AB5CB8FEF0A1}"
EndProject
Project("{9A19103F-16F7-4668-BE54-9A1E7A4F7556}") = "ListasDeOutrosTipos", "ListasDeOutrosTipos\ListasDeOutrosTipos.csproj", "{0BF5C17C-20F3-4DD4-899E-88DE91340004}"
EndProject
Project("{9A19103F-16F7-4668-BE54-9A1E7A4F7556}") = "TiposEVariaveis", "TiposEVariaveis\TiposEVariaveis.csproj", "{84F2D3DE-B5F0-460B-BB5F-002E64863FB6}"
EndProject
Project("{2150E333-8FDC-42A3-9474-1A3956D46DE8}") = "POO", "POO", "{40F3DCC2-A3AE-497E-86B6-15F08CE0976F}"
EndProject
Project("{9A19103F-16F7-4668-BE54-9A1E7A4F7556}") = "ClasssesEObjetos", "ClasssesEObjetos\ClasssesEObjetos.csproj", "{68FE6F2A-0C48-4948-A4C2-0869E71DFFCC}"
EndProject
Project("{2150E333-8FDC-42A3-9474-1A3956D46DE8}") = "PI", "PI", "{0AD1DC34-F9AC-4E9E-AA5C-AC67A4CD05AB}"
EndProject
Project("{9A19103F-16F7-4668-BE54-9A1E7A4F7556}") = "ParametrosDeTipos", "ParametrosDeTipos\ParametrosDeTipos.csproj", "{282E6ACA-8D40-4602-85FB-43AB7C63DF03}"
EndProject
Project("{9A19103F-16F7-4668-BE54-9A1E7A4F7556}") = "ClassesBase", "ClassesBase\ClassesBase.csproj", "{694C3FE1-B86D-45B8-9001-33E263720CFE}"
EndProject
Project("{9A19103F-16F7-4668-BE54-9A1E7A4F7556}") = "Estruturas", "Estruturas\Estruturas.csproj", "{D8556A1A-E3FB-42D7-922C-8091E790A947}"
EndProject
Project("{9A19103F-16F7-4668-BE54-9A1E7A4F7556}") = "Interfaces", "Interfaces\Interfaces.csproj", "{17E63EF4-519D-4317-9430-C06C072A27DD}"
EndProject
Project("{9A19103F-16F7-4668-BE54-9A1E7A4F7556}") = "Enumerado", "Enumerado\Enumerado.csproj", "{3C98956D-E8E5-4566-82E9-ED6E94121AA3}"
EndProject
Project("{9A19103F-16F7-4668-BE54-9A1E7A4F7556}") = "Anulaveis", "Anulaveis\Anulaveis.csproj", "{3F4556ED-6FB2-4222-93DC-70DE0FBF96AF}"
EndProject
Project("{9A19103F-16F7-4668-BE54-9A1E7A4F7556}") = "Tuplas", "Tuplas\Tuplas.csproj", "{77CD687A-183B-4D71-B796-CCED75BDAD15}"
EndProject
Project("{9A19103F-16F7-4668-BE54-9A1E7A4F7556}") = "Campos", "Campos\Campos.csproj", "{9ED6A39F-304D-4CD7-A449-345A7FBAF1ED}"
EndProject
Project("{9A19103F-16F7-4668-BE54-9A1E7A4F7556}") = "Metodos", "Metodos\Metodos.csproj", "{E1328526-E6AA-43C3-AEF6-4201807ADC41}"
EndProject
Project("{9A19103F-16F7-4668-BE54-9A1E7A4F7556}") = "Parametros", "Parametros\Parametros.csproj", "{3C272600-D7DF-43C9-8EB6-12C4661396A6}"
EndProject
Project("{9A19103F-16F7-4668-BE54-9A1E7A4F7556}") = "ParametrosSaida", "ParametrosSaida\ParametrosSaida.csproj", "{1260862B-7D23-4B3B-A8BF-AC47E9940E66}"
EndProject
Project("{9A19103F-16F7-4668-BE54-9A1E7A4F7556}") = "MetodosRetorno", "MetodosRetorno\MetodosRetorno.csproj", "{848363E0-F4F3-4987-86B2-EB13CC942848}"
EndProject
Project("{9A19103F-16F7-4668-BE54-9A1E7A4F7556}") = "ArrayParametros", "ArrayParametros\ArrayParametros.csproj", "{0459F9DD-518C-4542-A6F9-477751EEB909}"
EndProject
Project("{9A19103F-16F7-4668-BE54-9A1E7A4F7556}") = "MetodoParametroTipo", "MetodoParametroTipo\MetodoParametroTipo.csproj", "{25900538-AA44-4941-A25F-BA1DC1BBA1CD}"
EndProject
Project("{9A19103F-16F7-4668-BE54-9A1E7A4F7556}") = "MetodosEstaticoseDeInstancia", "MetodosEstaticoseDeInstancia\MetodosEstaticoseDeInstancia.csproj", "{8BEF529B-22A1-4009-B0E1-026A01D78BF5}"
EndProject
Project("{9A19103F-16F7-4668-BE54-9A1E7A4F7556}") = "MetodosAVS", "MetodosAVS\MetodosAVS.csproj", "{232B7C3D-472E-4989-AC86-BB86355D1BEF}"
EndProject
Project("{FAE04EC0-301F-11D3-BF4B-00C04F79EFBC}") = "SobrecargaDeMetodo", "SobrecargaDeMetodo\SobrecargaDeMetodo.csproj", "{C4C518C4-0511-4BC1-B71A-59A4D59A752A}"
EndProject
Global
	GlobalSection(SolutionConfigurationPlatforms) = preSolution
		Debug|Any CPU = Debug|Any CPU
		Release|Any CPU = Release|Any CPU
	EndGlobalSection
	GlobalSection(ProjectConfigurationPlatforms) = postSolution
		{96884CE0-3656-4276-A97D-8D3416B708AF}.Debug|Any CPU.ActiveCfg = Debug|Any CPU
		{96884CE0-3656-4276-A97D-8D3416B708AF}.Debug|Any CPU.Build.0 = Debug|Any CPU
		{96884CE0-3656-4276-A97D-8D3416B708AF}.Release|Any CPU.ActiveCfg = Release|Any CPU
		{96884CE0-3656-4276-A97D-8D3416B708AF}.Release|Any CPU.Build.0 = Release|Any CPU
		{857C0516-A1C0-4BDE-ADD9-4682AF0E40AE}.Debug|Any CPU.ActiveCfg = Debug|Any CPU
		{857C0516-A1C0-4BDE-ADD9-4682AF0E40AE}.Debug|Any CPU.Build.0 = Debug|Any CPU
		{857C0516-A1C0-4BDE-ADD9-4682AF0E40AE}.Release|Any CPU.ActiveCfg = Release|Any CPU
		{857C0516-A1C0-4BDE-ADD9-4682AF0E40AE}.Release|Any CPU.Build.0 = Release|Any CPU
		{5E8AEBC0-C412-43F8-94C4-D748EEAE0F68}.Debug|Any CPU.ActiveCfg = Debug|Any CPU
		{5E8AEBC0-C412-43F8-94C4-D748EEAE0F68}.Debug|Any CPU.Build.0 = Debug|Any CPU
		{5E8AEBC0-C412-43F8-94C4-D748EEAE0F68}.Release|Any CPU.ActiveCfg = Release|Any CPU
		{5E8AEBC0-C412-43F8-94C4-D748EEAE0F68}.Release|Any CPU.Build.0 = Release|Any CPU
		{178BBBE6-64A4-44A6-AA2A-9F72BA0A860E}.Debug|Any CPU.ActiveCfg = Debug|Any CPU
		{178BBBE6-64A4-44A6-AA2A-9F72BA0A860E}.Debug|Any CPU.Build.0 = Debug|Any CPU
		{178BBBE6-64A4-44A6-AA2A-9F72BA0A860E}.Release|Any CPU.ActiveCfg = Release|Any CPU
		{178BBBE6-64A4-44A6-AA2A-9F72BA0A860E}.Release|Any CPU.Build.0 = Release|Any CPU
		{DD2EFC88-1622-45D6-A54F-587EFF324DE6}.Debug|Any CPU.ActiveCfg = Debug|Any CPU
		{DD2EFC88-1622-45D6-A54F-587EFF324DE6}.Debug|Any CPU.Build.0 = Debug|Any CPU
		{DD2EFC88-1622-45D6-A54F-587EFF324DE6}.Release|Any CPU.ActiveCfg = Release|Any CPU
		{DD2EFC88-1622-45D6-A54F-587EFF324DE6}.Release|Any CPU.Build.0 = Release|Any CPU
		{97CFEC40-EAD9-44EB-9FEE-FA672BB3C60D}.Debug|Any CPU.ActiveCfg = Debug|Any CPU
		{97CFEC40-EAD9-44EB-9FEE-FA672BB3C60D}.Debug|Any CPU.Build.0 = Debug|Any CPU
		{97CFEC40-EAD9-44EB-9FEE-FA672BB3C60D}.Release|Any CPU.ActiveCfg = Release|Any CPU
		{97CFEC40-EAD9-44EB-9FEE-FA672BB3C60D}.Release|Any CPU.Build.0 = Release|Any CPU
		{F0AEC923-FA68-4D25-883D-D8635877B6F3}.Debug|Any CPU.ActiveCfg = Debug|Any CPU
		{F0AEC923-FA68-4D25-883D-D8635877B6F3}.Debug|Any CPU.Build.0 = Debug|Any CPU
		{F0AEC923-FA68-4D25-883D-D8635877B6F3}.Release|Any CPU.ActiveCfg = Release|Any CPU
		{F0AEC923-FA68-4D25-883D-D8635877B6F3}.Release|Any CPU.Build.0 = Release|Any CPU
		{4FE4118B-82EE-427F-92E2-A1E8746AB55F}.Debug|Any CPU.ActiveCfg = Debug|Any CPU
		{4FE4118B-82EE-427F-92E2-A1E8746AB55F}.Debug|Any CPU.Build.0 = Debug|Any CPU
		{4FE4118B-82EE-427F-92E2-A1E8746AB55F}.Release|Any CPU.ActiveCfg = Release|Any CPU
		{4FE4118B-82EE-427F-92E2-A1E8746AB55F}.Release|Any CPU.Build.0 = Release|Any CPU
		{D78CCA32-5FF6-42EE-BD57-26FF27052FA4}.Debug|Any CPU.ActiveCfg = Debug|Any CPU
		{D78CCA32-5FF6-42EE-BD57-26FF27052FA4}.Debug|Any CPU.Build.0 = Debug|Any CPU
		{D78CCA32-5FF6-42EE-BD57-26FF27052FA4}.Release|Any CPU.ActiveCfg = Release|Any CPU
		{D78CCA32-5FF6-42EE-BD57-26FF27052FA4}.Release|Any CPU.Build.0 = Release|Any CPU
		{52F9C2E8-250F-489F-810D-28656B037F6C}.Debug|Any CPU.ActiveCfg = Debug|Any CPU
		{52F9C2E8-250F-489F-810D-28656B037F6C}.Debug|Any CPU.Build.0 = Debug|Any CPU
		{52F9C2E8-250F-489F-810D-28656B037F6C}.Release|Any CPU.ActiveCfg = Release|Any CPU
		{52F9C2E8-250F-489F-810D-28656B037F6C}.Release|Any CPU.Build.0 = Release|Any CPU
		{27173FCF-BE7D-44BF-A283-8D64299AA89C}.Debug|Any CPU.ActiveCfg = Debug|Any CPU
		{27173FCF-BE7D-44BF-A283-8D64299AA89C}.Debug|Any CPU.Build.0 = Debug|Any CPU
		{27173FCF-BE7D-44BF-A283-8D64299AA89C}.Release|Any CPU.ActiveCfg = Release|Any CPU
		{27173FCF-BE7D-44BF-A283-8D64299AA89C}.Release|Any CPU.Build.0 = Release|Any CPU
		{428536C7-0791-4A3E-8863-32DA1B3A8BF1}.Debug|Any CPU.ActiveCfg = Debug|Any CPU
		{428536C7-0791-4A3E-8863-32DA1B3A8BF1}.Debug|Any CPU.Build.0 = Debug|Any CPU
		{428536C7-0791-4A3E-8863-32DA1B3A8BF1}.Release|Any CPU.ActiveCfg = Release|Any CPU
		{428536C7-0791-4A3E-8863-32DA1B3A8BF1}.Release|Any CPU.Build.0 = Release|Any CPU
		{390D7C02-90F9-4DCE-86FD-D8A3283B60B1}.Debug|Any CPU.ActiveCfg = Debug|Any CPU
		{390D7C02-90F9-4DCE-86FD-D8A3283B60B1}.Debug|Any CPU.Build.0 = Debug|Any CPU
		{390D7C02-90F9-4DCE-86FD-D8A3283B60B1}.Release|Any CPU.ActiveCfg = Release|Any CPU
		{390D7C02-90F9-4DCE-86FD-D8A3283B60B1}.Release|Any CPU.Build.0 = Release|Any CPU
		{6B90FB76-BB01-4DD2-AAC2-FC4F45189855}.Debug|Any CPU.ActiveCfg = Debug|Any CPU
		{6B90FB76-BB01-4DD2-AAC2-FC4F45189855}.Debug|Any CPU.Build.0 = Debug|Any CPU
		{6B90FB76-BB01-4DD2-AAC2-FC4F45189855}.Release|Any CPU.ActiveCfg = Release|Any CPU
		{6B90FB76-BB01-4DD2-AAC2-FC4F45189855}.Release|Any CPU.Build.0 = Release|Any CPU
		{3FF5B487-F621-42DF-8F8F-AB5CB8FEF0A1}.Debug|Any CPU.ActiveCfg = Debug|Any CPU
		{3FF5B487-F621-42DF-8F8F-AB5CB8FEF0A1}.Debug|Any CPU.Build.0 = Debug|Any CPU
		{3FF5B487-F621-42DF-8F8F-AB5CB8FEF0A1}.Release|Any CPU.ActiveCfg = Release|Any CPU
		{3FF5B487-F621-42DF-8F8F-AB5CB8FEF0A1}.Release|Any CPU.Build.0 = Release|Any CPU
		{0BF5C17C-20F3-4DD4-899E-88DE91340004}.Debug|Any CPU.ActiveCfg = Debug|Any CPU
		{0BF5C17C-20F3-4DD4-899E-88DE91340004}.Debug|Any CPU.Build.0 = Debug|Any CPU
		{0BF5C17C-20F3-4DD4-899E-88DE91340004}.Release|Any CPU.ActiveCfg = Release|Any CPU
		{0BF5C17C-20F3-4DD4-899E-88DE91340004}.Release|Any CPU.Build.0 = Release|Any CPU
		{84F2D3DE-B5F0-460B-BB5F-002E64863FB6}.Debug|Any CPU.ActiveCfg = Debug|Any CPU
		{84F2D3DE-B5F0-460B-BB5F-002E64863FB6}.Debug|Any CPU.Build.0 = Debug|Any CPU
		{84F2D3DE-B5F0-460B-BB5F-002E64863FB6}.Release|Any CPU.ActiveCfg = Release|Any CPU
		{84F2D3DE-B5F0-460B-BB5F-002E64863FB6}.Release|Any CPU.Build.0 = Release|Any CPU
		{68FE6F2A-0C48-4948-A4C2-0869E71DFFCC}.Debug|Any CPU.ActiveCfg = Debug|Any CPU
		{68FE6F2A-0C48-4948-A4C2-0869E71DFFCC}.Debug|Any CPU.Build.0 = Debug|Any CPU
		{68FE6F2A-0C48-4948-A4C2-0869E71DFFCC}.Release|Any CPU.ActiveCfg = Release|Any CPU
		{68FE6F2A-0C48-4948-A4C2-0869E71DFFCC}.Release|Any CPU.Build.0 = Release|Any CPU
		{282E6ACA-8D40-4602-85FB-43AB7C63DF03}.Debug|Any CPU.ActiveCfg = Debug|Any CPU
		{282E6ACA-8D40-4602-85FB-43AB7C63DF03}.Debug|Any CPU.Build.0 = Debug|Any CPU
		{282E6ACA-8D40-4602-85FB-43AB7C63DF03}.Release|Any CPU.ActiveCfg = Release|Any CPU
		{282E6ACA-8D40-4602-85FB-43AB7C63DF03}.Release|Any CPU.Build.0 = Release|Any CPU
		{694C3FE1-B86D-45B8-9001-33E263720CFE}.Debug|Any CPU.ActiveCfg = Debug|Any CPU
		{694C3FE1-B86D-45B8-9001-33E263720CFE}.Debug|Any CPU.Build.0 = Debug|Any CPU
		{694C3FE1-B86D-45B8-9001-33E263720CFE}.Release|Any CPU.ActiveCfg = Release|Any CPU
		{694C3FE1-B86D-45B8-9001-33E263720CFE}.Release|Any CPU.Build.0 = Release|Any CPU
		{D8556A1A-E3FB-42D7-922C-8091E790A947}.Debug|Any CPU.ActiveCfg = Debug|Any CPU
		{D8556A1A-E3FB-42D7-922C-8091E790A947}.Debug|Any CPU.Build.0 = Debug|Any CPU
		{D8556A1A-E3FB-42D7-922C-8091E790A947}.Release|Any CPU.ActiveCfg = Release|Any CPU
		{D8556A1A-E3FB-42D7-922C-8091E790A947}.Release|Any CPU.Build.0 = Release|Any CPU
		{17E63EF4-519D-4317-9430-C06C072A27DD}.Debug|Any CPU.ActiveCfg = Debug|Any CPU
		{17E63EF4-519D-4317-9430-C06C072A27DD}.Debug|Any CPU.Build.0 = Debug|Any CPU
		{17E63EF4-519D-4317-9430-C06C072A27DD}.Release|Any CPU.ActiveCfg = Release|Any CPU
		{17E63EF4-519D-4317-9430-C06C072A27DD}.Release|Any CPU.Build.0 = Release|Any CPU
		{3C98956D-E8E5-4566-82E9-ED6E94121AA3}.Debug|Any CPU.ActiveCfg = Debug|Any CPU
		{3C98956D-E8E5-4566-82E9-ED6E94121AA3}.Debug|Any CPU.Build.0 = Debug|Any CPU
		{3C98956D-E8E5-4566-82E9-ED6E94121AA3}.Release|Any CPU.ActiveCfg = Release|Any CPU
		{3C98956D-E8E5-4566-82E9-ED6E94121AA3}.Release|Any CPU.Build.0 = Release|Any CPU
		{3F4556ED-6FB2-4222-93DC-70DE0FBF96AF}.Debug|Any CPU.ActiveCfg = Debug|Any CPU
		{3F4556ED-6FB2-4222-93DC-70DE0FBF96AF}.Debug|Any CPU.Build.0 = Debug|Any CPU
		{3F4556ED-6FB2-4222-93DC-70DE0FBF96AF}.Release|Any CPU.ActiveCfg = Release|Any CPU
		{3F4556ED-6FB2-4222-93DC-70DE0FBF96AF}.Release|Any CPU.Build.0 = Release|Any CPU
		{77CD687A-183B-4D71-B796-CCED75BDAD15}.Debug|Any CPU.ActiveCfg = Debug|Any CPU
		{77CD687A-183B-4D71-B796-CCED75BDAD15}.Debug|Any CPU.Build.0 = Debug|Any CPU
		{77CD687A-183B-4D71-B796-CCED75BDAD15}.Release|Any CPU.ActiveCfg = Release|Any CPU
		{77CD687A-183B-4D71-B796-CCED75BDAD15}.Release|Any CPU.Build.0 = Release|Any CPU
		{9ED6A39F-304D-4CD7-A449-345A7FBAF1ED}.Debug|Any CPU.ActiveCfg = Debug|Any CPU
		{9ED6A39F-304D-4CD7-A449-345A7FBAF1ED}.Debug|Any CPU.Build.0 = Debug|Any CPU
		{9ED6A39F-304D-4CD7-A449-345A7FBAF1ED}.Release|Any CPU.ActiveCfg = Release|Any CPU
		{9ED6A39F-304D-4CD7-A449-345A7FBAF1ED}.Release|Any CPU.Build.0 = Release|Any CPU
		{E1328526-E6AA-43C3-AEF6-4201807ADC41}.Debug|Any CPU.ActiveCfg = Debug|Any CPU
		{E1328526-E6AA-43C3-AEF6-4201807ADC41}.Debug|Any CPU.Build.0 = Debug|Any CPU
		{E1328526-E6AA-43C3-AEF6-4201807ADC41}.Release|Any CPU.ActiveCfg = Release|Any CPU
		{E1328526-E6AA-43C3-AEF6-4201807ADC41}.Release|Any CPU.Build.0 = Release|Any CPU
		{3C272600-D7DF-43C9-8EB6-12C4661396A6}.Debug|Any CPU.ActiveCfg = Debug|Any CPU
		{3C272600-D7DF-43C9-8EB6-12C4661396A6}.Debug|Any CPU.Build.0 = Debug|Any CPU
		{3C272600-D7DF-43C9-8EB6-12C4661396A6}.Release|Any CPU.ActiveCfg = Release|Any CPU
		{3C272600-D7DF-43C9-8EB6-12C4661396A6}.Release|Any CPU.Build.0 = Release|Any CPU
		{1260862B-7D23-4B3B-A8BF-AC47E9940E66}.Debug|Any CPU.ActiveCfg = Debug|Any CPU
		{1260862B-7D23-4B3B-A8BF-AC47E9940E66}.Debug|Any CPU.Build.0 = Debug|Any CPU
		{1260862B-7D23-4B3B-A8BF-AC47E9940E66}.Release|Any CPU.ActiveCfg = Release|Any CPU
		{1260862B-7D23-4B3B-A8BF-AC47E9940E66}.Release|Any CPU.Build.0 = Release|Any CPU
		{848363E0-F4F3-4987-86B2-EB13CC942848}.Debug|Any CPU.ActiveCfg = Debug|Any CPU
		{848363E0-F4F3-4987-86B2-EB13CC942848}.Debug|Any CPU.Build.0 = Debug|Any CPU
		{848363E0-F4F3-4987-86B2-EB13CC942848}.Release|Any CPU.ActiveCfg = Release|Any CPU
		{848363E0-F4F3-4987-86B2-EB13CC942848}.Release|Any CPU.Build.0 = Release|Any CPU
		{0459F9DD-518C-4542-A6F9-477751EEB909}.Debug|Any CPU.ActiveCfg = Debug|Any CPU
		{0459F9DD-518C-4542-A6F9-477751EEB909}.Debug|Any CPU.Build.0 = Debug|Any CPU
		{0459F9DD-518C-4542-A6F9-477751EEB909}.Release|Any CPU.ActiveCfg = Release|Any CPU
		{0459F9DD-518C-4542-A6F9-477751EEB909}.Release|Any CPU.Build.0 = Release|Any CPU
		{25900538-AA44-4941-A25F-BA1DC1BBA1CD}.Debug|Any CPU.ActiveCfg = Debug|Any CPU
		{25900538-AA44-4941-A25F-BA1DC1BBA1CD}.Debug|Any CPU.Build.0 = Debug|Any CPU
		{25900538-AA44-4941-A25F-BA1DC1BBA1CD}.Release|Any CPU.ActiveCfg = Release|Any CPU
		{25900538-AA44-4941-A25F-BA1DC1BBA1CD}.Release|Any CPU.Build.0 = Release|Any CPU
		{8BEF529B-22A1-4009-B0E1-026A01D78BF5}.Debug|Any CPU.ActiveCfg = Debug|Any CPU
		{8BEF529B-22A1-4009-B0E1-026A01D78BF5}.Debug|Any CPU.Build.0 = Debug|Any CPU
		{8BEF529B-22A1-4009-B0E1-026A01D78BF5}.Release|Any CPU.ActiveCfg = Release|Any CPU
		{8BEF529B-22A1-4009-B0E1-026A01D78BF5}.Release|Any CPU.Build.0 = Release|Any CPU
		{232B7C3D-472E-4989-AC86-BB86355D1BEF}.Debug|Any CPU.ActiveCfg = Debug|Any CPU
		{232B7C3D-472E-4989-AC86-BB86355D1BEF}.Debug|Any CPU.Build.0 = Debug|Any CPU
		{232B7C3D-472E-4989-AC86-BB86355D1BEF}.Release|Any CPU.ActiveCfg = Release|Any CPU
		{232B7C3D-472E-4989-AC86-BB86355D1BEF}.Release|Any CPU.Build.0 = Release|Any CPU
		{C4C518C4-0511-4BC1-B71A-59A4D59A752A}.Debug|Any CPU.ActiveCfg = Debug|Any CPU
		{C4C518C4-0511-4BC1-B71A-59A4D59A752A}.Debug|Any CPU.Build.0 = Debug|Any CPU
		{C4C518C4-0511-4BC1-B71A-59A4D59A752A}.Release|Any CPU.ActiveCfg = Release|Any CPU
		{C4C518C4-0511-4BC1-B71A-59A4D59A752A}.Release|Any CPU.Build.0 = Release|Any CPU
	EndGlobalSection
	GlobalSection(SolutionProperties) = preSolution
		HideSolutionNode = FALSE
	EndGlobalSection
	GlobalSection(NestedProjects) = preSolution
		{96884CE0-3656-4276-A97D-8D3416B708AF} = {0AD1DC34-F9AC-4E9E-AA5C-AC67A4CD05AB}
		{857C0516-A1C0-4BDE-ADD9-4682AF0E40AE} = {0AD1DC34-F9AC-4E9E-AA5C-AC67A4CD05AB}
		{5E8AEBC0-C412-43F8-94C4-D748EEAE0F68} = {0AD1DC34-F9AC-4E9E-AA5C-AC67A4CD05AB}
		{178BBBE6-64A4-44A6-AA2A-9F72BA0A860E} = {0AD1DC34-F9AC-4E9E-AA5C-AC67A4CD05AB}
		{DD2EFC88-1622-45D6-A54F-587EFF324DE6} = {0AD1DC34-F9AC-4E9E-AA5C-AC67A4CD05AB}
		{97CFEC40-EAD9-44EB-9FEE-FA672BB3C60D} = {0AD1DC34-F9AC-4E9E-AA5C-AC67A4CD05AB}
		{F0AEC923-FA68-4D25-883D-D8635877B6F3} = {0AD1DC34-F9AC-4E9E-AA5C-AC67A4CD05AB}
		{4FE4118B-82EE-427F-92E2-A1E8746AB55F} = {0AD1DC34-F9AC-4E9E-AA5C-AC67A4CD05AB}
		{D78CCA32-5FF6-42EE-BD57-26FF27052FA4} = {0AD1DC34-F9AC-4E9E-AA5C-AC67A4CD05AB}
		{52F9C2E8-250F-489F-810D-28656B037F6C} = {0AD1DC34-F9AC-4E9E-AA5C-AC67A4CD05AB}
		{27173FCF-BE7D-44BF-A283-8D64299AA89C} = {0AD1DC34-F9AC-4E9E-AA5C-AC67A4CD05AB}
		{428536C7-0791-4A3E-8863-32DA1B3A8BF1} = {0AD1DC34-F9AC-4E9E-AA5C-AC67A4CD05AB}
		{390D7C02-90F9-4DCE-86FD-D8A3283B60B1} = {0AD1DC34-F9AC-4E9E-AA5C-AC67A4CD05AB}
		{6B90FB76-BB01-4DD2-AAC2-FC4F45189855} = {0AD1DC34-F9AC-4E9E-AA5C-AC67A4CD05AB}
		{3FF5B487-F621-42DF-8F8F-AB5CB8FEF0A1} = {0AD1DC34-F9AC-4E9E-AA5C-AC67A4CD05AB}
		{0BF5C17C-20F3-4DD4-899E-88DE91340004} = {0AD1DC34-F9AC-4E9E-AA5C-AC67A4CD05AB}
		{84F2D3DE-B5F0-460B-BB5F-002E64863FB6} = {0AD1DC34-F9AC-4E9E-AA5C-AC67A4CD05AB}
		{68FE6F2A-0C48-4948-A4C2-0869E71DFFCC} = {40F3DCC2-A3AE-497E-86B6-15F08CE0976F}
		{282E6ACA-8D40-4602-85FB-43AB7C63DF03} = {40F3DCC2-A3AE-497E-86B6-15F08CE0976F}
		{694C3FE1-B86D-45B8-9001-33E263720CFE} = {40F3DCC2-A3AE-497E-86B6-15F08CE0976F}
		{D8556A1A-E3FB-42D7-922C-8091E790A947} = {40F3DCC2-A3AE-497E-86B6-15F08CE0976F}
		{17E63EF4-519D-4317-9430-C06C072A27DD} = {40F3DCC2-A3AE-497E-86B6-15F08CE0976F}
		{3C98956D-E8E5-4566-82E9-ED6E94121AA3} = {40F3DCC2-A3AE-497E-86B6-15F08CE0976F}
		{3F4556ED-6FB2-4222-93DC-70DE0FBF96AF} = {40F3DCC2-A3AE-497E-86B6-15F08CE0976F}
		{77CD687A-183B-4D71-B796-CCED75BDAD15} = {40F3DCC2-A3AE-497E-86B6-15F08CE0976F}
		{9ED6A39F-304D-4CD7-A449-345A7FBAF1ED} = {40F3DCC2-A3AE-497E-86B6-15F08CE0976F}
		{E1328526-E6AA-43C3-AEF6-4201807ADC41} = {40F3DCC2-A3AE-497E-86B6-15F08CE0976F}
		{3C272600-D7DF-43C9-8EB6-12C4661396A6} = {40F3DCC2-A3AE-497E-86B6-15F08CE0976F}
		{1260862B-7D23-4B3B-A8BF-AC47E9940E66} = {40F3DCC2-A3AE-497E-86B6-15F08CE0976F}
		{848363E0-F4F3-4987-86B2-EB13CC942848} = {40F3DCC2-A3AE-497E-86B6-15F08CE0976F}
		{0459F9DD-518C-4542-A6F9-477751EEB909} = {40F3DCC2-A3AE-497E-86B6-15F08CE0976F}
		{25900538-AA44-4941-A25F-BA1DC1BBA1CD} = {40F3DCC2-A3AE-497E-86B6-15F08CE0976F}
		{8BEF529B-22A1-4009-B0E1-026A01D78BF5} = {40F3DCC2-A3AE-497E-86B6-15F08CE0976F}
		{232B7C3D-472E-4989-AC86-BB86355D1BEF} = {40F3DCC2-A3AE-497E-86B6-15F08CE0976F}
		{C4C518C4-0511-4BC1-B71A-59A4D59A752A} = {40F3DCC2-A3AE-497E-86B6-15F08CE0976F}
	EndGlobalSection
	GlobalSection(ExtensibilityGlobals) = postSolution
		SolutionGuid = {B93A7E55-9FAC-4316-9013-E01AB44D7454}
	EndGlobalSection
EndGlobal
